{
  "name": "yahoo-dl",
  "version": "1.0.2",
  "lockfileVersion": 1,
  "requires": true,
  "dependencies": {
    "axios": {
      "version": "0.18.0",
      "resolved": "https://registry.npmjs.org/axios/-/axios-0.18.0.tgz",
      "integrity": "sha1-MtU+SFHv3AoRmTts0AB4nXDAUQI=",
      "requires": {
        "follow-redirects": "1.4.1",
        "is-buffer": "1.1.6"
      }
    },
    "commander": {
      "version": "2.15.0",
      "resolved": "https://registry.npmjs.org/commander/-/commander-2.15.0.tgz",
      "integrity": "sha512-7B1ilBwtYSbetCgTY1NJFg+gVpestg0fdA1MhC1Vs4ssyfSXnCAjFr+QcQM9/RedXC0EaUx1sG8Smgw2VfgKEg=="
    },
    "debug": {
      "version": "3.1.0",
      "resolved": "https://registry.npmjs.org/debug/-/debug-3.1.0.tgz",
      "integrity": "sha512-OX8XqP7/1a9cqkxYw2yXss15f26NKWBpDXQd0/uK/KPqdQhxbPa994hnzjcE2VqQpDslf55723cKPUOGSmMY3g==",
      "requires": {
        "ms": "2.0.0"
      }
    },
    "follow-redirects": {
      "version": "1.4.1",
      "resolved": "https://registry.npmjs.org/follow-redirects/-/follow-redirects-1.4.1.tgz",
      "integrity": "sha512-uxYePVPogtya1ktGnAAXOacnbIuRMB4dkvqeNz2qTtTQsuzSfbDolV+wMMKxAmCx0bLgAKLbBOkjItMbbkR1vg==",
      "requires": {
        "debug": "3.1.0"
      }
    },
    "is-buffer": {
      "version": "1.1.6",
      "resolved": "https://registry.npmjs.org/is-buffer/-/is-buffer-1.1.6.tgz",
      "integrity": "sha512-NcdALwpXkTm5Zvvbk7owOUSvVvBKDgKP5/ewfXEznmQFfs4ZRmanOeKBTjRVjka3QFoN6XJ+9F3USqfHqTaU5w=="
    },
    "lodash": {
      "version": "4.17.5",
      "resolved": "https://registry.npmjs.org/lodash/-/lodash-4.17.5.tgz",
      "integrity": "sha512-svL3uiZf1RwhH+cWrfZn3A4+U58wbP0tGVTLQPbjplZxZ8ROD9VLuNgsRniTlLe7OlSqR79RUehXgpBW/s0IQw=="
    },
    "moment": {
      "version": "2.21.0",
      "resolved": "https://registry.npmjs.org/moment/-/moment-2.21.0.tgz",
      "integrity": "sha512-TCZ36BjURTeFTM/CwRcViQlfkMvL1/vFISuNLO5GkcVm1+QHfbSiNqZuWeMFjj1/3+uAjXswgRk30j1kkLYJBQ=="
    },
    "ms": {
      "version": "2.0.0",
      "resolved": "https://registry.npmjs.org/ms/-/ms-2.0.0.tgz",
      "integrity": "sha1-VgiurfwAvmwpAd9fmGF4jeDVl8g="
    },
    "progress": {
      "version": "2.0.0",
      "resolved": "https://registry.npmjs.org/progress/-/progress-2.0.0.tgz",
      "integrity": "sha1-ihvjZr+Pwj2yvSPxDG/pILQ4nR8="
    },
    "set-cookie-parser": {
      "version": "2.1.1",
      "resolved": "https://registry.npmjs.org/set-cookie-parser/-/set-cookie-parser-2.1.1.tgz",
      "integrity": "sha1-4De5sIbgA/22qLvzP66Xaklg2BE="
    }
  }
}
